# This file is automatically @generated by Cargo.
# It is not intended for manual editing.
version = 4

[[package]]
name = "netfyr-backend"
version = "0.1.0"

[[package]]
name = "netfyr-cli"
version = "0.1.0"

[[package]]
name = "netfyr-daemon"
version = "0.1.0"

[[package]]
name = "netfyr-policy"
version = "0.1.0"

[[package]]
name = "netfyr-reconcile"
version = "0.1.0"

[[package]]
name = "netfyr-state"
version = "0.1.0"

[[package]]
name = "netfyr-test-utils"
version = "0.1.0"

[[package]]
name = "netfyr-varlink"
version = "0.1.0"
